# This file is autogenerated, do not edit; changes may be undone by the next 'dep ensure'.


[[projects]]
  branch = "develop"
  name = "github.com/getamis/sirius"
  packages = ["log"]
  revision = "6f0f1a874481d97b44a6d8f5f1822ae74ccd4d8c"
  source = "github.com/getamis/sirius"

[[projects]]
  name = "github.com/go-stack/stack"
  packages = ["."]
  revision = "259ab82a6cad3992b4e21ff5cac294ccb06474bc"
  version = "v1.7.0"

[solve-meta]
  analyzer-name = "dep"
  analyzer-version = 1
  inputs-digest = "ec981103e34d4b5d6ef68ebf21d4243fbd0e5d037442f7317af354716e250cab"
  solver-name = "gps-cdcl"
  solver-version = 1
